// !$*UTF8*$!
{
	archiveVersion = 1;
	classes = {
	};
	objectVersion = 48;
	objects = {

/* Begin PBXBuildFile section */
		D0235AEE1FEF41EB001E8819 /* AppDelegate.swift in Sources */ = {isa = PBXBuildFile; fileRef = D0235AED1FEF41EB001E8819 /* AppDelegate.swift */; };
		D0235AF01FEF41EB001E8819 /* TodoListViewController.swift in Sources */ = {isa = PBXBuildFile; fileRef = D0235AEF1FEF41EB001E8819 /* TodoListViewController.swift */; };
		D0235AF31FEF41EB001E8819 /* Main.storyboard in Resources */ = {isa = PBXBuildFile; fileRef = D0235AF11FEF41EB001E8819 /* Main.storyboard */; };
		D0235AF51FEF41EB001E8819 /* Assets.xcassets in Resources */ = {isa = PBXBuildFile; fileRef = D0235AF41FEF41EB001E8819 /* Assets.xcassets */; };
		D0235AF81FEF41EB001E8819 /* LaunchScreen.storyboard in Resources */ = {isa = PBXBuildFile; fileRef = D0235AF61FEF41EB001E8819 /* LaunchScreen.storyboard */; };
		D0235B001FF01CD5001E8819 /* Item.swift in Sources */ = {isa = PBXBuildFile; fileRef = D0235AFF1FF01CD5001E8819 /* Item.swift */; };
/* End PBXBuildFile section */

/* Begin PBXFileReference section */
		D0235AEA1FEF41EB001E8819 /* Todoey.app */ = {isa = PBXFileReference; explicitFileType = wrapper.application; includeInIndex = 0; path = Todoey.app; sourceTree = BUILT_PRODUCTS_DIR; };
		D0235AED1FEF41EB001E8819 /* AppDelegate.swift */ = {isa = PBXFileReference; lastKnownFileType = sourcecode.swift; path = AppDelegate.swift; sourceTree = "<group>"; };
		D0235AEF1FEF41EB001E8819 /* TodoListViewController.swift */ = {isa = PBXFileReference; lastKnownFileType = sourcecode.swift; path = TodoListViewController.swift; sourceTree = "<group>"; };
		D0235AF21FEF41EB001E8819 /* Base */ = {isa = PBXFileReference; lastKnownFileType = file.storyboard; name = Base; path = Base.lproj/Main.storyboard; sourceTree = "<group>"; };
		D0235AF41FEF41EB001E8819 /* Assets.xcassets */ = {isa = PBXFileReference; lastKnownFileType = folder.assetcatalog; path = Assets.xcassets; sourceTree = "<group>"; };
		D0235AF71FEF41EB001E8819 /* Base */ = {isa = PBXFileReference; lastKnownFileType = file.storyboard; name = Base; path = Base.lproj/LaunchScreen.storyboard; sourceTree = "<group>"; };
		D0235AF91FEF41EB001E8819 /* Info.plist */ = {isa = PBXFileReference; lastKnownFileType = text.plist.xml; path = Info.plist; sourceTree = "<group>"; };
		D0235AFF1FF01CD5001E8819 /* Item.swift */ = {isa = PBXFileReference; lastKnownFileType = sourcecode.swift; path = Item.swift; sourceTree = "<group>"; };
/* End PBXFileReference section */

/* Begin PBXFrameworksBuildPhase section */
		D0235AE71FEF41EB001E8819 /* Frameworks */ = {
			isa = PBXFrameworksBuildPhase;
			buildActionMask = 2147483647;
			files = (
			);
			runOnlyForDeploymentPostprocessing = 0;
		};
/* End PBXFrameworksBuildPhase section */

/* Begin PBXGroup section */
		D0235AE11FEF41EB001E8819 = {
			isa = PBXGroup;
			children = (
				D0235AEC1FEF41EB001E8819 /* Todoey */,
				D0235AEB1FEF41EB001E8819 /* Products */,
			);
			sourceTree = "<group>";
		};
		D0235AEB1FEF41EB001E8819 /* Products */ = {
			isa = PBXGroup;
			children = (
				D0235AEA1FEF41EB001E8819 /* Todoey.app */,
			);
			name = Products;
			sourceTree = "<group>";
		};
		D0235AEC1FEF41EB001E8819 /* Todoey */ = {
			isa = PBXGroup;
			children = (
				D0235AED1FEF41EB001E8819 /* AppDelegate.swift */,
				D0235B021FF01CE8001E8819 /* Controllers */,
				D0235B011FF01CDA001E8819 /* Data Model */,
				D0235B031FF01CFD001E8819 /* Views */,
				D0235B041FF01D18001E8819 /* Supporting Files */,
				D0235AF91FEF41EB001E8819 /* Info.plist */,
			);
			path = Todoey;
			sourceTree = "<group>";
		};
		D0235B011FF01CDA001E8819 /* Data Model */ = {
			isa = PBXGroup;
			children = (
				D0235AFF1FF01CD5001E8819 /* Item.swift */,
			);
			path = "Data Model";
			sourceTree = "<group>";
		};
		D0235B021FF01CE8001E8819 /* Controllers */ = {
			isa = PBXGroup;
			children = (
				D0235AEF1FEF41EB001E8819 /* TodoListViewController.swift */,
			);
			path = Controllers;
			sourceTree = "<group>";
		};
		D0235B031FF01CFD001E8819 /* Views */ = {
			isa = PBXGroup;
			children = (
				D0235AF11FEF41EB001E8819 /* Main.storyboard */,
			);
			path = Views;
			sourceTree = "<group>";
		};
		D0235B041FF01D18001E8819 /* Supporting Files */ = {
			isa = PBXGroup;
			children = (
				D0235AF41FEF41EB001E8819 /* Assets.xcassets */,
				D0235AF61FEF41EB001E8819 /* LaunchScreen.storyboard */,
			);
			path = "Supporting Files";
			sourceTree = "<group>";
		};
/* End PBXGroup section */

/* Begin PBXNativeTarget section */
		D0235AE91FEF41EB001E8819 /* Todoey */ = {
			isa = PBXNativeTarget;
			buildConfigurationList = D0235AFC1FEF41EB001E8819 /* Build configuration list for PBXNativeTarget "Todoey" */;
			buildPhases = (
				D0235AE61FEF41EB001E8819 /* Sources */,
				D0235AE71FEF41EB001E8819 /* Frameworks */,
				D0235AE81FEF41EB001E8819 /* Resources */,
			);
			buildRules = (
			);
			dependencies = (
			);
			name = Todoey;
			productName = Todoey;
			productReference = D0235AEA1FEF41EB001E8819 /* Todoey.app */;
			productType = "com.apple.product-type.application";
		};
/* End PBXNativeTarget section */

/* Begin PBXProject section */
		D0235AE21FEF41EB001E8819 /* Project object */ = {
			isa = PBXProject;
			attributes = {
				LastSwiftUpdateCheck = 0920;
				LastUpgradeCheck = 0920;
				ORGANIZATIONNAME = "Peter Lyn";
				TargetAttributes = {
					D0235AE91FEF41EB001E8819 = {
						CreatedOnToolsVersion = 9.2;
						ProvisioningStyle = Automatic;
					};
				};
			};
			buildConfigurationList = D0235AE51FEF41EB001E8819 /* Build configuration list for PBXProject "Todoey" */;
			compatibilityVersion = "Xcode 8.0";
			developmentRegion = en;
			hasScannedForEncodings = 0;
			knownRegions = (
				en,
				Base,
			);
			mainGroup = D0235AE11FEF41EB001E8819;
			productRefGroup = D0235AEB1FEF41EB001E8819 /* Products */;
			projectDirPath = "";
			projectRoot = "";
			targets = (
				D0235AE91FEF41EB001E8819 /* Todoey */,
			);
		};
/* End PBXProject section */

/* Begin PBXResourcesBuildPhase section */
		D0235AE81FEF41EB001E8819 /* Resources */ = {
			isa = PBXResourcesBuildPhase;
			buildActionMask = 2147483647;
			files = (
				D0235AF81FEF41EB001E8819 /* LaunchScreen.storyboard in Resources */,
				D0235AF51FEF41EB001E8819 /* Assets.xcassets in Resources */,
				D0235AF31FEF41EB001E8819 /* Main.storyboard in Resources */,
			);
			runOnlyForDeploymentPostprocessing = 0;
		};
/* End PBXResourcesBuildPhase section */

/* Begin PBXSourcesBuildPhase section */
		D0235AE61FEF41EB001E8819 /* Sources */ = {
			isa = PBXSourcesBuildPhase;
			buildActionMask = 2147483647;
			files = (
				D0235AF01FEF41EB001E8819 /* TodoListViewController.swift in Sources */,
				D0235B001FF01CD5001E8819 /* Item.swift in Sources */,
				D0235AEE1FEF41EB001E8819 /* AppDelegate.swift in Sources */,
			);
			runOnlyForDeploymentPostprocessing = 0;
		};
/* End PBXSourcesBuildPhase section */

/* Begin PBXVariantGroup section */
		D0235AF11FEF41EB001E8819 /* Main.storyboard */ = {
			isa = PBXVariantGroup;
			children = (
				D0235AF21FEF41EB001E8819 /* Base */,
			);
			name = Main.storyboard;
			sourceTree = "<group>";
		};
		D0235AF61FEF41EB001E8819 /* LaunchScreen.storyboard */ = {
			isa = PBXVariantGroup;
			children = (
				D0235AF71FEF41EB001E8819 /* Base */,
			);
			name = LaunchScreen.storyboard;
			sourceTree = "<group>";
		};
/* End PBXVariantGroup section */

/* Begin XCBuildConfiguration section */
		D0235AFA1FEF41EB001E8819 /* Debug */ = {
			isa = XCBuildConfiguration;
			buildSettings = {
				ALWAYS_SEARCH_USER_PATHS = NO;
				CLANG_ANALYZER_NONNULL = YES;
				CLANG_ANALYZER_NUMBER_OBJECT_CONVERSION = YES_AGGRESSIVE;
				CLANG_CXX_LANGUAGE_STANDARD = "gnu++14";
				CLANG_CXX_LIBRARY = "libc++";
				CLANG_ENABLE_MODULES = YES;
				CLANG_ENABLE_OBJC_ARC = YES;
				CLANG_WARN_BLOCK_CAPTURE_AUTORELEASING = YES;
				CLANG_WARN_BOOL_CONVERSION = YES;
				CLANG_WARN_COMMA = YES;
				CLANG_WARN_CONSTANT_CONVERSION = YES;
				CLANG_WARN_DIRECT_OBJC_ISA_USAGE = YES_ERROR;
				CLANG_WARN_DOCUMENTATION_COMMENTS = YES;
				CLANG_WARN_EMPTY_BODY = YES;
				CLANG_WARN_ENUM_CONVERSION = YES;
				CLANG_WARN_INFINITE_RECURSION = YES;
				CLANG_WARN_INT_CONVERSION = YES;
				CLANG_WARN_NON_LITERAL_NULL_CONVERSION = YES;
				CLANG_WARN_OBJC_LITERAL_CONVERSION = YES;
				CLANG_WARN_OBJC_ROOT_CLASS = YES_ERROR;
				CLANG_WARN_RANGE_LOOP_ANALYSIS = YES;
				CLANG_WARN_STRICT_PROTOTYPES = YES;
				CLANG_WARN_SUSPICIOUS_MOVE = YES;
				CLANG_WARN_UNGUARDED_AVAILABILITY = YES_AGGRESSIVE;
				CLANG_WARN_UNREACHABLE_CODE = YES;
				CLANG_WARN__DUPLICATE_METHOD_MATCH = YES;
				CODE_SIGN_IDENTITY = "iPhone Developer";
				COPY_PHASE_STRIP = NO;
				DEBUG_INFORMATION_FORMAT = dwarf;
				ENABLE_STRICT_OBJC_MSGSEND = YES;
				ENABLE_TESTABILITY = YES;
				GCC_C_LANGUAGE_STANDARD = gnu11;
				GCC_DYNAMIC_NO_PIC = NO;
				GCC_NO_COMMON_BLOCKS = YES;
				GCC_OPTIMIZATION_LEVEL = 0;
				GCC_PREPROCESSOR_DEFINITIONS = (
					"DEBUG=1",
					"$(inherited)",
				);
				GCC_WARN_64_TO_32_BIT_CONVERSION = YES;
				GCC_WARN_ABOUT_RETURN_TYPE = YES_ERROR;
				GCC_WARN_UNDECLARED_SELECTOR = YES;
				GCC_WARN_UNINITIALIZED_AUTOS = YES_AGGRESSIVE;
				GCC_WARN_UNUSED_FUNCTION = YES;
				GCC_WARN_UNUSED_VARIABLE = YES;
				IPHONEOS_DEPLOYMENT_TARGET = 11.2;
				MTL_ENABLE_DEBUG_INFO = YES;
				ONLY_ACTIVE_ARCH = YES;
				SDKROOT = iphoneos;
				SWIFT_ACTIVE_COMPILATION_CONDITIONS = DEBUG;
				SWIFT_OPTIMIZATION_LEVEL = "-Onone";
			};
			name = Debug;
		};
		D0235AFB1FEF41EB001E8819 /* Release */ = {
			isa = XCBuildConfiguration;
			buildSettings = {
				ALWAYS_SEARCH_USER_PATHS = NO;
				CLANG_ANALYZER_NONNULL = YES;
				CLANG_ANALYZER_NUMBER_OBJECT_CONVERSION = YES_AGGRESSIVE;
				CLANG_CXX_LANGUAGE_STANDARD = "gnu++14";
				CLANG_CXX_LIBRARY = "libc++";
				CLANG_ENABLE_MODULES = YES;
				CLANG_ENABLE_OBJC_ARC = YES;
				CLANG_WARN_BLOCK_CAPTURE_AUTORELEASING = YES;
				CLANG_WARN_BOOL_CONVERSION = YES;
				CLANG_WARN_COMMA = YES;
				CLANG_WARN_CONSTANT_CONVERSION = YES;
				CLANG_WARN_DIRECT_OBJC_ISA_USAGE = YES_ERROR;
				CLANG_WARN_DOCUMENTATION_COMMENTS = YES;
				CLANG_WARN_EMPTY_BODY = YES;
				CLANG_WARN_ENUM_CONVERSION = YES;
				CLANG_WARN_INFINITE_RECURSION = YES;
				CLANG_WARN_INT_CONVERSION = YES;
				CLANG_WARN_NON_LITERAL_NULL_CONVERSION = YES;
				CLANG_WARN_OBJC_LITERAL_CONVERSION = YES;
				CLANG_WARN_OBJC_ROOT_CLASS = YES_ERROR;
				CLANG_WARN_RANGE_LOOP_ANALYSIS = YES;
				CLANG_WARN_STRICT_PROTOTYPES = YES;
				CLANG_WARN_SUSPICIOUS_MOVE = YES;
				CLANG_WARN_UNGUARDED_AVAILABILITY = YES_AGGRESSIVE;
				CLANG_WARN_UNREACHABLE_CODE = YES;
				CLANG_WARN__DUPLICATE_METHOD_MATCH = YES;
				CODE_SIGN_IDENTITY = "iPhone Developer";
				COPY_PHASE_STRIP = NO;
				DEBUG_INFORMATION_FORMAT = "dwarf-with-dsym";
				ENABLE_NS_ASSERTIONS = NO;
				ENABLE_STRICT_OBJC_MSGSEND = YES;
				GCC_C_LANGUAGE_STANDARD = gnu11;
				GCC_NO_COMMON_BLOCKS = YES;
				GCC_WARN_64_TO_32_BIT_CONVERSION = YES;
				GCC_WARN_ABOUT_RETURN_TYPE = YES_ERROR;
				GCC_WARN_UNDECLARED_SELECTOR = YES;
				GCC_WARN_UNINITIALIZED_AUTOS = YES_AGGRESSIVE;
				GCC_WARN_UNUSED_FUNCTION = YES;
				GCC_WARN_UNUSED_VARIABLE = YES;
				IPHONEOS_DEPLOYMENT_TARGET = 11.2;
				MTL_ENABLE_DEBUG_INFO = NO;
				SDKROOT = iphoneos;
				SWIFT_OPTIMIZATION_LEVEL = "-Owholemodule";
				VALIDATE_PRODUCT = YES;
			};
			name = Release;
		};
		D0235AFD1FEF41EB001E8819 /* Debug */ = {
			isa = XCBuildConfiguration;
			buildSettings = {
				ASSETCATALOG_COMPILER_APPICON_NAME = AppIcon;
				CODE_SIGN_STYLE = Automatic;
				DEVELOPMENT_TEAM = LJP69N3GJ9;
				INFOPLIST_FILE = Todoey/Info.plist;
				LD_RUNPATH_SEARCH_PATHS = "$(inherited) @executable_path/Frameworks";
				PRODUCT_BUNDLE_IDENTIFIER = com.peterlyn.Todoey;
				PRODUCT_NAME = "$(TARGET_NAME)";
				SWIFT_VERSION = 4.0;
				TARGETED_DEVICE_FAMILY = "1,2";
			};
			name = Debug;
		};
		D0235AFE1FEF41EB001E8819 /* Release */ = {
			isa = XCBuildConfiguration;
			buildSettings = {
				ASSETCATALOG_COMPILER_APPICON_NAME = AppIcon;
				CODE_SIGN_STYLE = Automatic;
				DEVELOPMENT_TEAM = LJP69N3GJ9;
				INFOPLIST_FILE = Todoey/Info.plist;
				LD_RUNPATH_SEARCH_PATHS = "$(inherited) @executable_path/Frameworks";
				PRODUCT_BUNDLE_IDENTIFIER = com.peterlyn.Todoey;
				PRODUCT_NAME = "$(TARGET_NAME)";
				SWIFT_VERSION = 4.0;
				TARGETED_DEVICE_FAMILY = "1,2";
			};
			name = Release;
		};
/* End XCBuildConfiguration section */

/* Begin XCConfigurationList section */
		D0235AE51FEF41EB001E8819 /* Build configuration list for PBXProject "Todoey" */ = {
			isa = XCConfigurationList;
			buildConfigurations = (
				D0235AFA1FEF41EB001E8819 /* Debug */,
				D0235AFB1FEF41EB001E8819 /* Release */,
			);
			defaultConfigurationIsVisible = 0;
			defaultConfigurationName = Release;
		};
		D0235AFC1FEF41EB001E8819 /* Build configuration list for PBXNativeTarget "Todoey" */ = {
			isa = XCConfigurationList;
			buildConfigurations = (
				D0235AFD1FEF41EB001E8819 /* Debug */,
				D0235AFE1FEF41EB001E8819 /* Release */,
			);
			defaultConfigurationIsVisible = 0;
			defaultConfigurationName = Release;
		};
/* End XCConfigurationList section */
	};
	rootObject = D0235AE21FEF41EB001E8819 /* Project object */;
}
